
Microsoft Visual Studio Solution File, Format Version 12.00
# Visual Studio Version 16
VisualStudioVersion = 25.0.1704.2
MinimumVisualStudioVersion = 10.0.40219.1
Project("{FAE04EC0-301F-11D3-BF4B-00C04F79EFBC}") = "RadjeDraaienAPI", "RadjeDraaienAPI\RadjeDraaienAPI.csproj", "{2E97CDBC-5C24-4777-A9CB-E4C0F9F16CE3}"
EndProject
Global
	GlobalSection(SolutionConfigurationPlatforms) = preSolution
		Debug|Any CPU = Debug|Any CPU
		Release|Any CPU = Release|Any CPU
	EndGlobalSection
	GlobalSection(ProjectConfigurationPlatforms) = postSolution
		{2E97CDBC-5C24-4777-A9CB-E4C0F9F16CE3}.Debug|Any CPU.ActiveCfg = Debug|Any CPU
		{2E97CDBC-5C24-4777-A9CB-E4C0F9F16CE3}.Debug|Any CPU.Build.0 = Debug|Any CPU
		{2E97CDBC-5C24-4777-A9CB-E4C0F9F16CE3}.Release|Any CPU.ActiveCfg = Release|Any CPU
		{2E97CDBC-5C24-4777-A9CB-E4C0F9F16CE3}.Release|Any CPU.Build.0 = Release|Any CPU
	EndGlobalSection
	GlobalSection(SolutionProperties) = preSolution
		HideSolutionNode = FALSE
	EndGlobalSection
	GlobalSection(ExtensibilityGlobals) = postSolution
		SolutionGuid = {4BBB40BF-EBCA-4794-9FA3-D028FC82B7BB}
	EndGlobalSection
EndGlobal
